Microsoft Visual Studio Solution File, Format Version 12.00
# Visual Studio Version 17
VisualStudioVersion = 17.5.2.0
MinimumVisualStudioVersion = 10.0.40219.1
Project("{FAE04EC0-301F-11D3-BF4B-00C04F79EFBC}") = "ENET", "ENET.csproj", "{354AA94F-A5EC-8551-57E1-DDE112838C90}"
EndProject
Global
	GlobalSection(SolutionConfigurationPlatforms) = preSolution
		Debug|Any CPU = Debug|Any CPU
		Release|Any CPU = Release|Any CPU
	EndGlobalSection
	GlobalSection(ProjectConfigurationPlatforms) = postSolution
		{354AA94F-A5EC-8551-57E1-DDE112838C90}.Debug|Any CPU.ActiveCfg = Debug|Any CPU
		{354AA94F-A5EC-8551-57E1-DDE112838C90}.Debug|Any CPU.Build.0 = Debug|Any CPU
		{354AA94F-A5EC-8551-57E1-DDE112838C90}.Release|Any CPU.ActiveCfg = Release|Any CPU
		{354AA94F-A5EC-8551-57E1-DDE112838C90}.Release|Any CPU.Build.0 = Release|Any CPU
	EndGlobalSection
	GlobalSection(SolutionProperties) = preSolution
		HideSolutionNode = FALSE
	EndGlobalSection
	GlobalSection(ExtensibilityGlobals) = postSolution
		SolutionGuid = {0ED19405-4870-45C3-96DF-048284B72EB5}
	EndGlobalSection
EndGlobal
