Microsoft Visual Studio Solution File, Format Version 12.00
# Visual Studio Version 17
VisualStudioVersion = 17.5.2.0
MinimumVisualStudioVersion = 10.0.40219.1
Project("{FAE04EC0-301F-11D3-BF4B-00C04F79EFBC}") = "FrpcGui", "FrpcGui\FrpcGui.csproj", "{F17172C1-6144-1AEF-7C7F-14EE18F3534C}"
EndProject
Global
	GlobalSection(SolutionConfigurationPlatforms) = preSolution
		Debug|Any CPU = Debug|Any CPU
		Release|Any CPU = Release|Any CPU
	EndGlobalSection
	GlobalSection(ProjectConfigurationPlatforms) = postSolution
		{F17172C1-6144-1AEF-7C7F-14EE18F3534C}.Debug|Any CPU.ActiveCfg = Debug|Any CPU
		{F17172C1-6144-1AEF-7C7F-14EE18F3534C}.Debug|Any CPU.Build.0 = Debug|Any CPU
		{F17172C1-6144-1AEF-7C7F-14EE18F3534C}.Release|Any CPU.ActiveCfg = Release|Any CPU
		{F17172C1-6144-1AEF-7C7F-14EE18F3534C}.Release|Any CPU.Build.0 = Release|Any CPU
	EndGlobalSection
	GlobalSection(SolutionProperties) = preSolution
		HideSolutionNode = FALSE
	EndGlobalSection
	GlobalSection(ExtensibilityGlobals) = postSolution
		SolutionGuid = {8748D4DE-0C64-49DC-BC3B-DF29E707ADFC}
	EndGlobalSection
EndGlobal
